
Microsoft Visual Studio Solution File, Format Version 12.00
# Visual Studio Version 17
VisualStudioVersion = 17.10.34928.147
MinimumVisualStudioVersion = 10.0.40219.1
Project("{FAE04EC0-301F-11D3-BF4B-00C04F79EFBC}") = "Cau2", "Cau2\Cau2.csproj", "{D101CCBC-560F-4D59-9E6D-0131A895B6A3}"
EndProject
Project("{FAE04EC0-301F-11D3-BF4B-00C04F79EFBC}") = "cau2_test", "cau2_test\cau2_test.csproj", "{137F7E23-BBBE-447E-86AC-2E2F00CE25BA}"
EndProject
Global
	GlobalSection(SolutionConfigurationPlatforms) = preSolution
		Debug|Any CPU = Debug|Any CPU
		Release|Any CPU = Release|Any CPU
	EndGlobalSection
	GlobalSection(ProjectConfigurationPlatforms) = postSolution
		{D101CCBC-560F-4D59-9E6D-0131A895B6A3}.Debug|Any CPU.ActiveCfg = Debug|Any CPU
		{D101CCBC-560F-4D59-9E6D-0131A895B6A3}.Debug|Any CPU.Build.0 = Debug|Any CPU
		{D101CCBC-560F-4D59-9E6D-0131A895B6A3}.Release|Any CPU.ActiveCfg = Release|Any CPU
		{D101CCBC-560F-4D59-9E6D-0131A895B6A3}.Release|Any CPU.Build.0 = Release|Any CPU
		{137F7E23-BBBE-447E-86AC-2E2F00CE25BA}.Debug|Any CPU.ActiveCfg = Debug|Any CPU
		{137F7E23-BBBE-447E-86AC-2E2F00CE25BA}.Debug|Any CPU.Build.0 = Debug|Any CPU
		{137F7E23-BBBE-447E-86AC-2E2F00CE25BA}.Release|Any CPU.ActiveCfg = Release|Any CPU
		{137F7E23-BBBE-447E-86AC-2E2F00CE25BA}.Release|Any CPU.Build.0 = Release|Any CPU
	EndGlobalSection
	GlobalSection(SolutionProperties) = preSolution
		HideSolutionNode = FALSE
	EndGlobalSection
	GlobalSection(ExtensibilityGlobals) = postSolution
		SolutionGuid = {20F1C584-9CA3-4417-B7B4-798FCCD4CAD7}
	EndGlobalSection
EndGlobal
